
Microsoft Visual Studio Solution File, Format Version 12.00
# Visual Studio Version 17
VisualStudioVersion = 17.4.33110.190
MinimumVisualStudioVersion = 10.0.40219.1
Project("{9A19103F-16F7-4668-BE54-9A1E7A4F7556}") = "Capy64", "Capy64\Capy64.csproj", "{D38FAB55-99A5-4C5B-9BF7-CC76443AC43A}"
EndProject
Global
	GlobalSection(SolutionConfigurationPlatforms) = preSolution
		Debug|Any CPU = Debug|Any CPU
		Release|Any CPU = Release|Any CPU
	EndGlobalSection
	GlobalSection(ProjectConfigurationPlatforms) = postSolution
		{D38FAB55-99A5-4C5B-9BF7-CC76443AC43A}.Debug|Any CPU.ActiveCfg = Debug|Any CPU
		{D38FAB55-99A5-4C5B-9BF7-CC76443AC43A}.Debug|Any CPU.Build.0 = Debug|Any CPU
		{D38FAB55-99A5-4C5B-9BF7-CC76443AC43A}.Release|Any CPU.ActiveCfg = Release|Any CPU
		{D38FAB55-99A5-4C5B-9BF7-CC76443AC43A}.Release|Any CPU.Build.0 = Release|Any CPU
	EndGlobalSection
	GlobalSection(SolutionProperties) = preSolution
		HideSolutionNode = FALSE
	EndGlobalSection
	GlobalSection(ExtensibilityGlobals) = postSolution
		SolutionGuid = {16085476-C90F-4033-8ACB-AC42E055010D}
	EndGlobalSection
EndGlobal
